{
  "originHash" : "37f6584838fbdbda23e8f9058f70a89fc45433a735ea160065f75d12203c543a",
  "pins" : [
    {
      "identity" : "latexswiftui",
      "kind" : "remoteSourceControl",
      "location" : "https://github.com/colinc86/LaTeXSwiftUI",
      "state" : {
        "revision" : "c45e0fd45f64923c49c5904a9f9626bc8939f05f",
        "version" : "1.5.0"
      }
    }
  ],
  "version" : 3
}
